
Microsoft Visual Studio Solution File, Format Version 12.00
# Visual Studio Version 17
VisualStudioVersion = 17.14.36203.30 d17.14
MinimumVisualStudioVersion = 10.0.40219.1
Project("{FAE04EC0-301F-11D3-BF4B-00C04F79EFBC}") = "PizzaFire.API", "PizzaFire.API\PizzaFire.API.csproj", "{FCB037FF-7D33-4158-9EBB-5E43E2EE6A7E}"
EndProject
Global
	GlobalSection(SolutionConfigurationPlatforms) = preSolution
		Debug|Any CPU = Debug|Any CPU
		Release|Any CPU = Release|Any CPU
	EndGlobalSection
	GlobalSection(ProjectConfigurationPlatforms) = postSolution
		{FCB037FF-7D33-4158-9EBB-5E43E2EE6A7E}.Debug|Any CPU.ActiveCfg = Debug|Any CPU
		{FCB037FF-7D33-4158-9EBB-5E43E2EE6A7E}.Debug|Any CPU.Build.0 = Debug|Any CPU
		{FCB037FF-7D33-4158-9EBB-5E43E2EE6A7E}.Release|Any CPU.ActiveCfg = Release|Any CPU
		{FCB037FF-7D33-4158-9EBB-5E43E2EE6A7E}.Release|Any CPU.Build.0 = Release|Any CPU
	EndGlobalSection
	GlobalSection(SolutionProperties) = preSolution
		HideSolutionNode = FALSE
	EndGlobalSection
	GlobalSection(ExtensibilityGlobals) = postSolution
		SolutionGuid = {EDA0A25F-D0CE-4539-86BB-25599BBAE099}
	EndGlobalSection
EndGlobal
